
Microsoft Visual Studio Solution File, Format Version 12.00
# Visual Studio Version 17
VisualStudioVersion = 17.3.32901.215
MinimumVisualStudioVersion = 10.0.40219.1
Project("{FAE04EC0-301F-11D3-BF4B-00C04F79EFBC}") = "ClassLibrary", "ClassLibrary\ClassLibrary.csproj", "{0FA555F4-EC9B-43B3-8C4A-C96DD9F85941}"
EndProject
Project("{FAE04EC0-301F-11D3-BF4B-00C04F79EFBC}") = "ConsoleApp", "ConsoleApp\ConsoleApp.csproj", "{C427E641-CB9E-4137-A983-92B9DE551117}"
EndProject
Project("{FAE04EC0-301F-11D3-BF4B-00C04F79EFBC}") = "WinForm", "WinForm\WinForm.csproj", "{761560A3-D3BE-4AFC-B643-19C68FB794EF}"
EndProject
Global
	GlobalSection(SolutionConfigurationPlatforms) = preSolution
		Debug|Any CPU = Debug|Any CPU
		Release|Any CPU = Release|Any CPU
	EndGlobalSection
	GlobalSection(ProjectConfigurationPlatforms) = postSolution
		{0FA555F4-EC9B-43B3-8C4A-C96DD9F85941}.Debug|Any CPU.ActiveCfg = Debug|Any CPU
		{0FA555F4-EC9B-43B3-8C4A-C96DD9F85941}.Debug|Any CPU.Build.0 = Debug|Any CPU
		{0FA555F4-EC9B-43B3-8C4A-C96DD9F85941}.Release|Any CPU.ActiveCfg = Release|Any CPU
		{0FA555F4-EC9B-43B3-8C4A-C96DD9F85941}.Release|Any CPU.Build.0 = Release|Any CPU
		{C427E641-CB9E-4137-A983-92B9DE551117}.Debug|Any CPU.ActiveCfg = Debug|Any CPU
		{C427E641-CB9E-4137-A983-92B9DE551117}.Debug|Any CPU.Build.0 = Debug|Any CPU
		{C427E641-CB9E-4137-A983-92B9DE551117}.Release|Any CPU.ActiveCfg = Release|Any CPU
		{C427E641-CB9E-4137-A983-92B9DE551117}.Release|Any CPU.Build.0 = Release|Any CPU
		{761560A3-D3BE-4AFC-B643-19C68FB794EF}.Debug|Any CPU.ActiveCfg = Debug|Any CPU
		{761560A3-D3BE-4AFC-B643-19C68FB794EF}.Debug|Any CPU.Build.0 = Debug|Any CPU
		{761560A3-D3BE-4AFC-B643-19C68FB794EF}.Release|Any CPU.ActiveCfg = Release|Any CPU
		{761560A3-D3BE-4AFC-B643-19C68FB794EF}.Release|Any CPU.Build.0 = Release|Any CPU
	EndGlobalSection
	GlobalSection(SolutionProperties) = preSolution
		HideSolutionNode = FALSE
	EndGlobalSection
	GlobalSection(ExtensibilityGlobals) = postSolution
		SolutionGuid = {A7B45470-1F22-4969-A773-C0F07DEE8D17}
	EndGlobalSection
EndGlobal
